# This file is automatically @generated by Cargo.
# It is not intended for manual editing.
version = 3

[[package]]
name = "advent-of-code"
version = "0.1.0"
dependencies = [
 "iterwindows",
]

[[package]]
name = "arrays"
version = "0.1.1"
source = "registry+https://github.com/rust-lang/crates.io-index"
checksum = "2dbdbb2877d26e0647c6b8125802b2ecf2dc2a28d864dde41e6f9b9a54da08fe"

[[package]]
name = "iterwindows"
version = "0.3.0"
source = "registry+https://github.com/rust-lang/crates.io-index"
checksum = "3cbf3a88c019a9667dbea976f47cf797ffc8d765c53d893e60f27576be6333b0"
dependencies = [
 "arrays",
]
